
Microsoft Visual Studio Solution File, Format Version 12.00
# Visual Studio Version 16
VisualStudioVersion = 16.0.31321.278
MinimumVisualStudioVersion = 10.0.40219.1
Project("{9A19103F-16F7-4668-BE54-9A1E7A4F7556}") = "RavePay.Net.SDK", "RavePay.Net.SDK\RavePay.Net.SDK.csproj", "{3561CC9A-4F7C-40DE-9DF8-8AF4C4F3EF32}"
EndProject
Global
	GlobalSection(SolutionConfigurationPlatforms) = preSolution
		Debug|Any CPU = Debug|Any CPU
		Release|Any CPU = Release|Any CPU
	EndGlobalSection
	GlobalSection(ProjectConfigurationPlatforms) = postSolution
		{3561CC9A-4F7C-40DE-9DF8-8AF4C4F3EF32}.Debug|Any CPU.ActiveCfg = Debug|Any CPU
		{3561CC9A-4F7C-40DE-9DF8-8AF4C4F3EF32}.Debug|Any CPU.Build.0 = Debug|Any CPU
		{3561CC9A-4F7C-40DE-9DF8-8AF4C4F3EF32}.Release|Any CPU.ActiveCfg = Release|Any CPU
		{3561CC9A-4F7C-40DE-9DF8-8AF4C4F3EF32}.Release|Any CPU.Build.0 = Release|Any CPU
	EndGlobalSection
	GlobalSection(SolutionProperties) = preSolution
		HideSolutionNode = FALSE
	EndGlobalSection
	GlobalSection(ExtensibilityGlobals) = postSolution
		SolutionGuid = {A3968848-9A4A-40C5-AA37-62E056107995}
	EndGlobalSection
EndGlobal
